Microsoft Visual Studio Solution File, Format Version 12.00
# Visual Studio Version 17
VisualStudioVersion = 17.0.31912.275
MinimumVisualStudioVersion = 10.0.40219.1
Project("{FAE04EC0-301F-11D3-BF4B-00C04F79EFBC}") = "POSCharcas.Presentation", "src\\POSCharcas.Presentation\\POSCharcas.Presentation.csproj", "{10B9F06A-2823-42E3-B8E0-86A52BA25E4A}"
EndProject
Project("{FAE04EC0-301F-11D3-BF4B-00C04F79EFBC}") = "POSCharcas.Business", "src\\POSCharcas.Business\\POSCharcas.Business.csproj", "{B8336344-332A-414B-A495-FEF3D065EE40}"
EndProject
Project("{FAE04EC0-301F-11D3-BF4B-00C04F79EFBC}") = "POSCharcas.Data", "src\\POSCharcas.Data\\POSCharcas.Data.csproj", "{39F1B394-35D4-4EBC-AE41-B0B1A5153BAF}"
EndProject
Global
    GlobalSection(SolutionConfigurationPlatforms) = preSolution
        Debug|Any CPU = Debug|Any CPU
        Release|Any CPU = Release|Any CPU
    EndGlobalSection
    GlobalSection(ProjectConfigurationPlatforms) = postSolution
        {10B9F06A-2823-42E3-B8E0-86A52BA25E4A}.Debug|Any CPU.ActiveCfg = Debug|Any CPU
        {10B9F06A-2823-42E3-B8E0-86A52BA25E4A}.Debug|Any CPU.Build.0 = Debug|Any CPU
        {10B9F06A-2823-42E3-B8E0-86A52BA25E4A}.Release|Any CPU.ActiveCfg = Release|Any CPU
        {10B9F06A-2823-42E3-B8E0-86A52BA25E4A}.Release|Any CPU.Build.0 = Release|Any CPU
        {B8336344-332A-414B-A495-FEF3D065EE40}.Debug|Any CPU.ActiveCfg = Debug|Any CPU
        {B8336344-332A-414B-A495-FEF3D065EE40}.Debug|Any CPU.Build.0 = Debug|Any CPU
        {B8336344-332A-414B-A495-FEF3D065EE40}.Release|Any CPU.ActiveCfg = Release|Any CPU
        {B8336344-332A-414B-A495-FEF3D065EE40}.Release|Any CPU.Build.0 = Release|Any CPU
        {39F1B394-35D4-4EBC-AE41-B0B1A5153BAF}.Debug|Any CPU.ActiveCfg = Debug|Any CPU
        {39F1B394-35D4-4EBC-AE41-B0B1A5153BAF}.Debug|Any CPU.Build.0 = Debug|Any CPU
        {39F1B394-35D4-4EBC-AE41-B0B1A5153BAF}.Release|Any CPU.ActiveCfg = Release|Any CPU
        {39F1B394-35D4-4EBC-AE41-B0B1A5153BAF}.Release|Any CPU.Build.0 = Release|Any CPU
    EndGlobalSection
    GlobalSection(SolutionProperties) = preSolution
        HideSolutionNode = FALSE
    EndGlobalSection
EndGlobal
